// !$*UTF8*$!
{
	archiveVersion = 1;
	classes = {
	};
	objectVersion = 48;
	objects = {

/* Begin PBXBuildFile section */
		302804BF20A20A1C006D689F /* GetAllMemesController.swift in Sources */ = {isa = PBXBuildFile; fileRef = 302804BE20A20A1C006D689F /* GetAllMemesController.swift */; };
		302804C120A20AAD006D689F /* MemoRepository.swift in Sources */ = {isa = PBXBuildFile; fileRef = 302804C020A20AAD006D689F /* MemoRepository.swift */; };
		302889A720760A43001E89B1 /* AppDelegate.swift in Sources */ = {isa = PBXBuildFile; fileRef = 302889A620760A43001E89B1 /* AppDelegate.swift */; };
		302889A920760A43001E89B1 /* ViewController.swift in Sources */ = {isa = PBXBuildFile; fileRef = 302889A820760A43001E89B1 /* ViewController.swift */; };
		302889AC20760A43001E89B1 /* Main.storyboard in Resources */ = {isa = PBXBuildFile; fileRef = 302889AA20760A43001E89B1 /* Main.storyboard */; };
		302889AE20760A43001E89B1 /* Assets.xcassets in Resources */ = {isa = PBXBuildFile; fileRef = 302889AD20760A43001E89B1 /* Assets.xcassets */; };
		302889B120760A43001E89B1 /* LaunchScreen.storyboard in Resources */ = {isa = PBXBuildFile; fileRef = 302889AF20760A43001E89B1 /* LaunchScreen.storyboard */; };
		302889BC20760A43001E89B1 /* MemeMeTests.swift in Sources */ = {isa = PBXBuildFile; fileRef = 302889BB20760A43001E89B1 /* MemeMeTests.swift */; };
		302889C720760A43001E89B1 /* MemeMeUITests.swift in Sources */ = {isa = PBXBuildFile; fileRef = 302889C620760A43001E89B1 /* MemeMeUITests.swift */; };
		302889D72076D4F5001E89B1 /* Meme.swift in Sources */ = {isa = PBXBuildFile; fileRef = 302889D62076D4F5001E89B1 /* Meme.swift */; };
		302D072F20A191A2001DC0C3 /* DetailViewController.swift in Sources */ = {isa = PBXBuildFile; fileRef = 302D072E20A191A2001DC0C3 /* DetailViewController.swift */; };
		302D073120A19D27001DC0C3 /* MemeCollectionView.swift in Sources */ = {isa = PBXBuildFile; fileRef = 302D073020A19D27001DC0C3 /* MemeCollectionView.swift */; };
		302D073320A19FCC001DC0C3 /* MemeCollectionViewCell.swift in Sources */ = {isa = PBXBuildFile; fileRef = 302D073220A19FCC001DC0C3 /* MemeCollectionViewCell.swift */; };
		309AA5FD20A709D200270BE3 /* MemeTableViewCell.swift in Sources */ = {isa = PBXBuildFile; fileRef = 309AA5FB20A6FC1E00270BE3 /* MemeTableViewCell.swift */; };
		30FB5E262099ECDF002B29F0 /* MemeTableViewController.swift in Sources */ = {isa = PBXBuildFile; fileRef = 30FB5E252099ECDF002B29F0 /* MemeTableViewController.swift */; };
		30FDD53120A2E5F2006CBCBE /* CreateMemeController.swift in Sources */ = {isa = PBXBuildFile; fileRef = 30FDD53020A2E5F2006CBCBE /* CreateMemeController.swift */; };
/* End PBXBuildFile section */

/* Begin PBXContainerItemProxy section */
		302889B820760A43001E89B1 /* PBXContainerItemProxy */ = {
			isa = PBXContainerItemProxy;
			containerPortal = 3028899B20760A43001E89B1 /* Project object */;
			proxyType = 1;
			remoteGlobalIDString = 302889A220760A43001E89B1;
			remoteInfo = MemeMe;
		};
		302889C320760A43001E89B1 /* PBXContainerItemProxy */ = {
			isa = PBXContainerItemProxy;
			containerPortal = 3028899B20760A43001E89B1 /* Project object */;
			proxyType = 1;
			remoteGlobalIDString = 302889A220760A43001E89B1;
			remoteInfo = MemeMe;
		};
/* End PBXContainerItemProxy section */

/* Begin PBXFileReference section */
		302804BE20A20A1C006D689F /* GetAllMemesController.swift */ = {isa = PBXFileReference; lastKnownFileType = sourcecode.swift; path = GetAllMemesController.swift; sourceTree = "<group>"; };
		302804C020A20AAD006D689F /* MemoRepository.swift */ = {isa = PBXFileReference; lastKnownFileType = sourcecode.swift; path = MemoRepository.swift; sourceTree = "<group>"; };
		302889A320760A43001E89B1 /* MemeMe.app */ = {isa = PBXFileReference; explicitFileType = wrapper.application; includeInIndex = 0; path = MemeMe.app; sourceTree = BUILT_PRODUCTS_DIR; };
		302889A620760A43001E89B1 /* AppDelegate.swift */ = {isa = PBXFileReference; lastKnownFileType = sourcecode.swift; path = AppDelegate.swift; sourceTree = "<group>"; };
		302889A820760A43001E89B1 /* ViewController.swift */ = {isa = PBXFileReference; lastKnownFileType = sourcecode.swift; path = ViewController.swift; sourceTree = "<group>"; };
		302889AB20760A43001E89B1 /* Base */ = {isa = PBXFileReference; lastKnownFileType = file.storyboard; name = Base; path = Base.lproj/Main.storyboard; sourceTree = "<group>"; };
		302889AD20760A43001E89B1 /* Assets.xcassets */ = {isa = PBXFileReference; lastKnownFileType = folder.assetcatalog; path = Assets.xcassets; sourceTree = "<group>"; };
		302889B020760A43001E89B1 /* Base */ = {isa = PBXFileReference; lastKnownFileType = file.storyboard; name = Base; path = Base.lproj/LaunchScreen.storyboard; sourceTree = "<group>"; };
		302889B220760A43001E89B1 /* Info.plist */ = {isa = PBXFileReference; lastKnownFileType = text.plist.xml; path = Info.plist; sourceTree = "<group>"; };
		302889B720760A43001E89B1 /* MemeMeTests.xctest */ = {isa = PBXFileReference; explicitFileType = wrapper.cfbundle; includeInIndex = 0; path = MemeMeTests.xctest; sourceTree = BUILT_PRODUCTS_DIR; };
		302889BB20760A43001E89B1 /* MemeMeTests.swift */ = {isa = PBXFileReference; lastKnownFileType = sourcecode.swift; path = MemeMeTests.swift; sourceTree = "<group>"; };
		302889BD20760A43001E89B1 /* Info.plist */ = {isa = PBXFileReference; lastKnownFileType = text.plist.xml; path = Info.plist; sourceTree = "<group>"; };
		302889C220760A43001E89B1 /* MemeMeUITests.xctest */ = {isa = PBXFileReference; explicitFileType = wrapper.cfbundle; includeInIndex = 0; path = MemeMeUITests.xctest; sourceTree = BUILT_PRODUCTS_DIR; };
		302889C620760A43001E89B1 /* MemeMeUITests.swift */ = {isa = PBXFileReference; lastKnownFileType = sourcecode.swift; path = MemeMeUITests.swift; sourceTree = "<group>"; };
		302889C820760A43001E89B1 /* Info.plist */ = {isa = PBXFileReference; lastKnownFileType = text.plist.xml; path = Info.plist; sourceTree = "<group>"; };
		302889D62076D4F5001E89B1 /* Meme.swift */ = {isa = PBXFileReference; lastKnownFileType = sourcecode.swift; path = Meme.swift; sourceTree = "<group>"; };
		302D072E20A191A2001DC0C3 /* DetailViewController.swift */ = {isa = PBXFileReference; lastKnownFileType = sourcecode.swift; path = DetailViewController.swift; sourceTree = "<group>"; };
		302D073020A19D27001DC0C3 /* MemeCollectionView.swift */ = {isa = PBXFileReference; lastKnownFileType = sourcecode.swift; path = MemeCollectionView.swift; sourceTree = "<group>"; };
		302D073220A19FCC001DC0C3 /* MemeCollectionViewCell.swift */ = {isa = PBXFileReference; lastKnownFileType = sourcecode.swift; path = MemeCollectionViewCell.swift; sourceTree = "<group>"; };
		309AA5FB20A6FC1E00270BE3 /* MemeTableViewCell.swift */ = {isa = PBXFileReference; lastKnownFileType = sourcecode.swift; path = MemeTableViewCell.swift; sourceTree = "<group>"; };
		30FB5E252099ECDF002B29F0 /* MemeTableViewController.swift */ = {isa = PBXFileReference; lastKnownFileType = sourcecode.swift; path = MemeTableViewController.swift; sourceTree = "<group>"; };
		30FDD53020A2E5F2006CBCBE /* CreateMemeController.swift */ = {isa = PBXFileReference; lastKnownFileType = sourcecode.swift; path = CreateMemeController.swift; sourceTree = "<group>"; };
/* End PBXFileReference section */

/* Begin PBXFrameworksBuildPhase section */
		302889A020760A43001E89B1 /* Frameworks */ = {
			isa = PBXFrameworksBuildPhase;
			buildActionMask = 2147483647;
			files = (
			);
			runOnlyForDeploymentPostprocessing = 0;
		};
		302889B420760A43001E89B1 /* Frameworks */ = {
			isa = PBXFrameworksBuildPhase;
			buildActionMask = 2147483647;
			files = (
			);
			runOnlyForDeploymentPostprocessing = 0;
		};
		302889BF20760A43001E89B1 /* Frameworks */ = {
			isa = PBXFrameworksBuildPhase;
			buildActionMask = 2147483647;
			files = (
			);
			runOnlyForDeploymentPostprocessing = 0;
		};
/* End PBXFrameworksBuildPhase section */

/* Begin PBXGroup section */
		302804BA20A2099E006D689F /* Controller */ = {
			isa = PBXGroup;
			children = (
				302804BE20A20A1C006D689F /* GetAllMemesController.swift */,
				30FDD53020A2E5F2006CBCBE /* CreateMemeController.swift */,
			);
			path = Controller;
			sourceTree = "<group>";
		};
		302804BB20A209A8006D689F /* Model */ = {
			isa = PBXGroup;
			children = (
				302889D62076D4F5001E89B1 /* Meme.swift */,
			);
			path = Model;
			sourceTree = "<group>";
		};
		302804BC20A209B5006D689F /* Repository */ = {
			isa = PBXGroup;
			children = (
				302804C020A20AAD006D689F /* MemoRepository.swift */,
			);
			path = Repository;
			sourceTree = "<group>";
		};
		302804BD20A209CF006D689F /* Support */ = {
			isa = PBXGroup;
			children = (
				302889A620760A43001E89B1 /* AppDelegate.swift */,
				302889AD20760A43001E89B1 /* Assets.xcassets */,
				302889AF20760A43001E89B1 /* LaunchScreen.storyboard */,
			);
			path = Support;
			sourceTree = "<group>";
		};
		3028899A20760A43001E89B1 = {
			isa = PBXGroup;
			children = (
				302889A520760A43001E89B1 /* MemeMe */,
				302889BA20760A43001E89B1 /* MemeMeTests */,
				302889C520760A43001E89B1 /* MemeMeUITests */,
				302889A420760A43001E89B1 /* Products */,
			);
			sourceTree = "<group>";
		};
		302889A420760A43001E89B1 /* Products */ = {
			isa = PBXGroup;
			children = (
				302889A320760A43001E89B1 /* MemeMe.app */,
				302889B720760A43001E89B1 /* MemeMeTests.xctest */,
				302889C220760A43001E89B1 /* MemeMeUITests.xctest */,
			);
			name = Products;
			sourceTree = "<group>";
		};
		302889A520760A43001E89B1 /* MemeMe */ = {
			isa = PBXGroup;
			children = (
				302889B220760A43001E89B1 /* Info.plist */,
				302804BD20A209CF006D689F /* Support */,
				302889D42076AC71001E89B1 /* View */,
				302804BA20A2099E006D689F /* Controller */,
				302804BB20A209A8006D689F /* Model */,
				302804BC20A209B5006D689F /* Repository */,
			);
			path = MemeMe;
			sourceTree = "<group>";
		};
		302889BA20760A43001E89B1 /* MemeMeTests */ = {
			isa = PBXGroup;
			children = (
				302889BB20760A43001E89B1 /* MemeMeTests.swift */,
				302889BD20760A43001E89B1 /* Info.plist */,
			);
			path = MemeMeTests;
			sourceTree = "<group>";
		};
		302889C520760A43001E89B1 /* MemeMeUITests */ = {
			isa = PBXGroup;
			children = (
				302889C620760A43001E89B1 /* MemeMeUITests.swift */,
				302889C820760A43001E89B1 /* Info.plist */,
			);
			path = MemeMeUITests;
			sourceTree = "<group>";
		};
		302889D42076AC71001E89B1 /* View */ = {
			isa = PBXGroup;
			children = (
				302889A820760A43001E89B1 /* ViewController.swift */,
				302889AA20760A43001E89B1 /* Main.storyboard */,
				30FB5E252099ECDF002B29F0 /* MemeTableViewController.swift */,
				302D072E20A191A2001DC0C3 /* DetailViewController.swift */,
				302D073020A19D27001DC0C3 /* MemeCollectionView.swift */,
				302D073220A19FCC001DC0C3 /* MemeCollectionViewCell.swift */,
				309AA5FB20A6FC1E00270BE3 /* MemeTableViewCell.swift */,
			);
			path = View;
			sourceTree = "<group>";
		};
/* End PBXGroup section */

/* Begin PBXNativeTarget section */
		302889A220760A43001E89B1 /* MemeMe */ = {
			isa = PBXNativeTarget;
			buildConfigurationList = 302889CB20760A43001E89B1 /* Build configuration list for PBXNativeTarget "MemeMe" */;
			buildPhases = (
				3028899F20760A43001E89B1 /* Sources */,
				302889A020760A43001E89B1 /* Frameworks */,
				302889A120760A43001E89B1 /* Resources */,
			);
			buildRules = (
			);
			dependencies = (
			);
			name = MemeMe;
			productName = MemeMe;
			productReference = 302889A320760A43001E89B1 /* MemeMe.app */;
			productType = "com.apple.product-type.application";
		};
		302889B620760A43001E89B1 /* MemeMeTests */ = {
			isa = PBXNativeTarget;
			buildConfigurationList = 302889CE20760A43001E89B1 /* Build configuration list for PBXNativeTarget "MemeMeTests" */;
			buildPhases = (
				302889B320760A43001E89B1 /* Sources */,
				302889B420760A43001E89B1 /* Frameworks */,
				302889B520760A43001E89B1 /* Resources */,
			);
			buildRules = (
			);
			dependencies = (
				302889B920760A43001E89B1 /* PBXTargetDependency */,
			);
			name = MemeMeTests;
			productName = MemeMeTests;
			productReference = 302889B720760A43001E89B1 /* MemeMeTests.xctest */;
			productType = "com.apple.product-type.bundle.unit-test";
		};
		302889C120760A43001E89B1 /* MemeMeUITests */ = {
			isa = PBXNativeTarget;
			buildConfigurationList = 302889D120760A43001E89B1 /* Build configuration list for PBXNativeTarget "MemeMeUITests" */;
			buildPhases = (
				302889BE20760A43001E89B1 /* Sources */,
				302889BF20760A43001E89B1 /* Frameworks */,
				302889C020760A43001E89B1 /* Resources */,
			);
			buildRules = (
			);
			dependencies = (
				302889C420760A43001E89B1 /* PBXTargetDependency */,
			);
			name = MemeMeUITests;
			productName = MemeMeUITests;
			productReference = 302889C220760A43001E89B1 /* MemeMeUITests.xctest */;
			productType = "com.apple.product-type.bundle.ui-testing";
		};
/* End PBXNativeTarget section */

/* Begin PBXProject section */
		3028899B20760A43001E89B1 /* Project object */ = {
			isa = PBXProject;
			attributes = {
				LastSwiftUpdateCheck = 0920;
				LastUpgradeCheck = 0920;
				ORGANIZATIONNAME = "André Martingo";
				TargetAttributes = {
					302889A220760A43001E89B1 = {
						CreatedOnToolsVersion = 9.2;
						ProvisioningStyle = Automatic;
					};
					302889B620760A43001E89B1 = {
						CreatedOnToolsVersion = 9.2;
						ProvisioningStyle = Automatic;
						TestTargetID = 302889A220760A43001E89B1;
					};
					302889C120760A43001E89B1 = {
						CreatedOnToolsVersion = 9.2;
						ProvisioningStyle = Automatic;
						TestTargetID = 302889A220760A43001E89B1;
					};
				};
			};
			buildConfigurationList = 3028899E20760A43001E89B1 /* Build configuration list for PBXProject "MemeMe" */;
			compatibilityVersion = "Xcode 8.0";
			developmentRegion = en;
			hasScannedForEncodings = 0;
			knownRegions = (
				en,
				Base,
			);
			mainGroup = 3028899A20760A43001E89B1;
			productRefGroup = 302889A420760A43001E89B1 /* Products */;
			projectDirPath = "";
			projectRoot = "";
			targets = (
				302889A220760A43001E89B1 /* MemeMe */,
				302889B620760A43001E89B1 /* MemeMeTests */,
				302889C120760A43001E89B1 /* MemeMeUITests */,
			);
		};
/* End PBXProject section */

/* Begin PBXResourcesBuildPhase section */
		302889A120760A43001E89B1 /* Resources */ = {
			isa = PBXResourcesBuildPhase;
			buildActionMask = 2147483647;
			files = (
				302889B120760A43001E89B1 /* LaunchScreen.storyboard in Resources */,
				302889AE20760A43001E89B1 /* Assets.xcassets in Resources */,
				302889AC20760A43001E89B1 /* Main.storyboard in Resources */,
			);
			runOnlyForDeploymentPostprocessing = 0;
		};
		302889B520760A43001E89B1 /* Resources */ = {
			isa = PBXResourcesBuildPhase;
			buildActionMask = 2147483647;
			files = (
			);
			runOnlyForDeploymentPostprocessing = 0;
		};
		302889C020760A43001E89B1 /* Resources */ = {
			isa = PBXResourcesBuildPhase;
			buildActionMask = 2147483647;
			files = (
			);
			runOnlyForDeploymentPostprocessing = 0;
		};
/* End PBXResourcesBuildPhase section */

/* Begin PBXSourcesBuildPhase section */
		3028899F20760A43001E89B1 /* Sources */ = {
			isa = PBXSourcesBuildPhase;
			buildActionMask = 2147483647;
			files = (
				309AA5FD20A709D200270BE3 /* MemeTableViewCell.swift in Sources */,
				302D073120A19D27001DC0C3 /* MemeCollectionView.swift in Sources */,
				302804C120A20AAD006D689F /* MemoRepository.swift in Sources */,
				302889D72076D4F5001E89B1 /* Meme.swift in Sources */,
				302804BF20A20A1C006D689F /* GetAllMemesController.swift in Sources */,
				302889A920760A43001E89B1 /* ViewController.swift in Sources */,
				30FDD53120A2E5F2006CBCBE /* CreateMemeController.swift in Sources */,
				302D072F20A191A2001DC0C3 /* DetailViewController.swift in Sources */,
				302D073320A19FCC001DC0C3 /* MemeCollectionViewCell.swift in Sources */,
				302889A720760A43001E89B1 /* AppDelegate.swift in Sources */,
				30FB5E262099ECDF002B29F0 /* MemeTableViewController.swift in Sources */,
			);
			runOnlyForDeploymentPostprocessing = 0;
		};
		302889B320760A43001E89B1 /* Sources */ = {
			isa = PBXSourcesBuildPhase;
			buildActionMask = 2147483647;
			files = (
				302889BC20760A43001E89B1 /* MemeMeTests.swift in Sources */,
			);
			runOnlyForDeploymentPostprocessing = 0;
		};
		302889BE20760A43001E89B1 /* Sources */ = {
			isa = PBXSourcesBuildPhase;
			buildActionMask = 2147483647;
			files = (
				302889C720760A43001E89B1 /* MemeMeUITests.swift in Sources */,
			);
			runOnlyForDeploymentPostprocessing = 0;
		};
/* End PBXSourcesBuildPhase section */

/* Begin PBXTargetDependency section */
		302889B920760A43001E89B1 /* PBXTargetDependency */ = {
			isa = PBXTargetDependency;
			target = 302889A220760A43001E89B1 /* MemeMe */;
			targetProxy = 302889B820760A43001E89B1 /* PBXContainerItemProxy */;
		};
		302889C420760A43001E89B1 /* PBXTargetDependency */ = {
			isa = PBXTargetDependency;
			target = 302889A220760A43001E89B1 /* MemeMe */;
			targetProxy = 302889C320760A43001E89B1 /* PBXContainerItemProxy */;
		};
/* End PBXTargetDependency section */

/* Begin PBXVariantGroup section */
		302889AA20760A43001E89B1 /* Main.storyboard */ = {
			isa = PBXVariantGroup;
			children = (
				302889AB20760A43001E89B1 /* Base */,
			);
			name = Main.storyboard;
			sourceTree = "<group>";
		};
		302889AF20760A43001E89B1 /* LaunchScreen.storyboard */ = {
			isa = PBXVariantGroup;
			children = (
				302889B020760A43001E89B1 /* Base */,
			);
			name = LaunchScreen.storyboard;
			sourceTree = "<group>";
		};
/* End PBXVariantGroup section */

/* Begin XCBuildConfiguration section */
		302889C920760A43001E89B1 /* Debug */ = {
			isa = XCBuildConfiguration;
			buildSettings = {
				ALWAYS_SEARCH_USER_PATHS = NO;
				CLANG_ANALYZER_NONNULL = YES;
				CLANG_ANALYZER_NUMBER_OBJECT_CONVERSION = YES_AGGRESSIVE;
				CLANG_CXX_LANGUAGE_STANDARD = "gnu++14";
				CLANG_CXX_LIBRARY = "libc++";
				CLANG_ENABLE_MODULES = YES;
				CLANG_ENABLE_OBJC_ARC = YES;
				CLANG_WARN_BLOCK_CAPTURE_AUTORELEASING = YES;
				CLANG_WARN_BOOL_CONVERSION = YES;
				CLANG_WARN_COMMA = YES;
				CLANG_WARN_CONSTANT_CONVERSION = YES;
				CLANG_WARN_DIRECT_OBJC_ISA_USAGE = YES_ERROR;
				CLANG_WARN_DOCUMENTATION_COMMENTS = YES;
				CLANG_WARN_EMPTY_BODY = YES;
				CLANG_WARN_ENUM_CONVERSION = YES;
				CLANG_WARN_INFINITE_RECURSION = YES;
				CLANG_WARN_INT_CONVERSION = YES;
				CLANG_WARN_NON_LITERAL_NULL_CONVERSION = YES;
				CLANG_WARN_OBJC_LITERAL_CONVERSION = YES;
				CLANG_WARN_OBJC_ROOT_CLASS = YES_ERROR;
				CLANG_WARN_RANGE_LOOP_ANALYSIS = YES;
				CLANG_WARN_STRICT_PROTOTYPES = YES;
				CLANG_WARN_SUSPICIOUS_MOVE = YES;
				CLANG_WARN_UNGUARDED_AVAILABILITY = YES_AGGRESSIVE;
				CLANG_WARN_UNREACHABLE_CODE = YES;
				CLANG_WARN__DUPLICATE_METHOD_MATCH = YES;
				CODE_SIGN_IDENTITY = "iPhone Developer";
				COPY_PHASE_STRIP = NO;
				DEBUG_INFORMATION_FORMAT = dwarf;
				ENABLE_STRICT_OBJC_MSGSEND = YES;
				ENABLE_TESTABILITY = YES;
				GCC_C_LANGUAGE_STANDARD = gnu11;
				GCC_DYNAMIC_NO_PIC = NO;
				GCC_NO_COMMON_BLOCKS = YES;
				GCC_OPTIMIZATION_LEVEL = 0;
				GCC_PREPROCESSOR_DEFINITIONS = (
					"DEBUG=1",
					"$(inherited)",
				);
				GCC_WARN_64_TO_32_BIT_CONVERSION = YES;
				GCC_WARN_ABOUT_RETURN_TYPE = YES_ERROR;
				GCC_WARN_UNDECLARED_SELECTOR = YES;
				GCC_WARN_UNINITIALIZED_AUTOS = YES_AGGRESSIVE;
				GCC_WARN_UNUSED_FUNCTION = YES;
				GCC_WARN_UNUSED_VARIABLE = YES;
				IPHONEOS_DEPLOYMENT_TARGET = 11.2;
				MTL_ENABLE_DEBUG_INFO = YES;
				ONLY_ACTIVE_ARCH = YES;
				SDKROOT = iphoneos;
				SWIFT_ACTIVE_COMPILATION_CONDITIONS = DEBUG;
				SWIFT_OPTIMIZATION_LEVEL = "-Onone";
			};
			name = Debug;
		};
		302889CA20760A43001E89B1 /* Release */ = {
			isa = XCBuildConfiguration;
			buildSettings = {
				ALWAYS_SEARCH_USER_PATHS = NO;
				CLANG_ANALYZER_NONNULL = YES;
				CLANG_ANALYZER_NUMBER_OBJECT_CONVERSION = YES_AGGRESSIVE;
				CLANG_CXX_LANGUAGE_STANDARD = "gnu++14";
				CLANG_CXX_LIBRARY = "libc++";
				CLANG_ENABLE_MODULES = YES;
				CLANG_ENABLE_OBJC_ARC = YES;
				CLANG_WARN_BLOCK_CAPTURE_AUTORELEASING = YES;
				CLANG_WARN_BOOL_CONVERSION = YES;
				CLANG_WARN_COMMA = YES;
				CLANG_WARN_CONSTANT_CONVERSION = YES;
				CLANG_WARN_DIRECT_OBJC_ISA_USAGE = YES_ERROR;
				CLANG_WARN_DOCUMENTATION_COMMENTS = YES;
				CLANG_WARN_EMPTY_BODY = YES;
				CLANG_WARN_ENUM_CONVERSION = YES;
				CLANG_WARN_INFINITE_RECURSION = YES;
				CLANG_WARN_INT_CONVERSION = YES;
				CLANG_WARN_NON_LITERAL_NULL_CONVERSION = YES;
				CLANG_WARN_OBJC_LITERAL_CONVERSION = YES;
				CLANG_WARN_OBJC_ROOT_CLASS = YES_ERROR;
				CLANG_WARN_RANGE_LOOP_ANALYSIS = YES;
				CLANG_WARN_STRICT_PROTOTYPES = YES;
				CLANG_WARN_SUSPICIOUS_MOVE = YES;
				CLANG_WARN_UNGUARDED_AVAILABILITY = YES_AGGRESSIVE;
				CLANG_WARN_UNREACHABLE_CODE = YES;
				CLANG_WARN__DUPLICATE_METHOD_MATCH = YES;
				CODE_SIGN_IDENTITY = "iPhone Developer";
				COPY_PHASE_STRIP = NO;
				DEBUG_INFORMATION_FORMAT = "dwarf-with-dsym";
				ENABLE_NS_ASSERTIONS = NO;
				ENABLE_STRICT_OBJC_MSGSEND = YES;
				GCC_C_LANGUAGE_STANDARD = gnu11;
				GCC_NO_COMMON_BLOCKS = YES;
				GCC_WARN_64_TO_32_BIT_CONVERSION = YES;
				GCC_WARN_ABOUT_RETURN_TYPE = YES_ERROR;
				GCC_WARN_UNDECLARED_SELECTOR = YES;
				GCC_WARN_UNINITIALIZED_AUTOS = YES_AGGRESSIVE;
				GCC_WARN_UNUSED_FUNCTION = YES;
				GCC_WARN_UNUSED_VARIABLE = YES;
				IPHONEOS_DEPLOYMENT_TARGET = 11.2;
				MTL_ENABLE_DEBUG_INFO = NO;
				SDKROOT = iphoneos;
				SWIFT_OPTIMIZATION_LEVEL = "-Owholemodule";
				VALIDATE_PRODUCT = YES;
			};
			name = Release;
		};
		302889CC20760A43001E89B1 /* Debug */ = {
			isa = XCBuildConfiguration;
			buildSettings = {
				ASSETCATALOG_COMPILER_APPICON_NAME = AppIcon;
				CODE_SIGN_STYLE = Automatic;
				DEVELOPMENT_TEAM = L3GTYCSW62;
				INFOPLIST_FILE = MemeMe/Info.plist;
				LD_RUNPATH_SEARCH_PATHS = "$(inherited) @executable_path/Frameworks";
				PRODUCT_BUNDLE_IDENTIFIER = andremartingo.MemeMe;
				PRODUCT_NAME = "$(TARGET_NAME)";
				SWIFT_VERSION = 4.0;
				TARGETED_DEVICE_FAMILY = "1,2";
			};
			name = Debug;
		};
		302889CD20760A43001E89B1 /* Release */ = {
			isa = XCBuildConfiguration;
			buildSettings = {
				ASSETCATALOG_COMPILER_APPICON_NAME = AppIcon;
				CODE_SIGN_STYLE = Automatic;
				DEVELOPMENT_TEAM = L3GTYCSW62;
				INFOPLIST_FILE = MemeMe/Info.plist;
				LD_RUNPATH_SEARCH_PATHS = "$(inherited) @executable_path/Frameworks";
				PRODUCT_BUNDLE_IDENTIFIER = andremartingo.MemeMe;
				PRODUCT_NAME = "$(TARGET_NAME)";
				SWIFT_VERSION = 4.0;
				TARGETED_DEVICE_FAMILY = "1,2";
			};
			name = Release;
		};
		302889CF20760A43001E89B1 /* Debug */ = {
			isa = XCBuildConfiguration;
			buildSettings = {
				ALWAYS_EMBED_SWIFT_STANDARD_LIBRARIES = YES;
				BUNDLE_LOADER = "$(TEST_HOST)";
				CODE_SIGN_STYLE = Automatic;
				INFOPLIST_FILE = MemeMeTests/Info.plist;
				LD_RUNPATH_SEARCH_PATHS = "$(inherited) @executable_path/Frameworks @loader_path/Frameworks";
				PRODUCT_BUNDLE_IDENTIFIER = andremartingo.MemeMeTests;
				PRODUCT_NAME = "$(TARGET_NAME)";
				SWIFT_VERSION = 4.0;
				TARGETED_DEVICE_FAMILY = "1,2";
				TEST_HOST = "$(BUILT_PRODUCTS_DIR)/MemeMe.app/MemeMe";
			};
			name = Debug;
		};
		302889D020760A43001E89B1 /* Release */ = {
			isa = XCBuildConfiguration;
			buildSettings = {
				ALWAYS_EMBED_SWIFT_STANDARD_LIBRARIES = YES;
				BUNDLE_LOADER = "$(TEST_HOST)";
				CODE_SIGN_STYLE = Automatic;
				INFOPLIST_FILE = MemeMeTests/Info.plist;
				LD_RUNPATH_SEARCH_PATHS = "$(inherited) @executable_path/Frameworks @loader_path/Frameworks";
				PRODUCT_BUNDLE_IDENTIFIER = andremartingo.MemeMeTests;
				PRODUCT_NAME = "$(TARGET_NAME)";
				SWIFT_VERSION = 4.0;
				TARGETED_DEVICE_FAMILY = "1,2";
				TEST_HOST = "$(BUILT_PRODUCTS_DIR)/MemeMe.app/MemeMe";
			};
			name = Release;
		};
		302889D220760A43001E89B1 /* Debug */ = {
			isa = XCBuildConfiguration;
			buildSettings = {
				ALWAYS_EMBED_SWIFT_STANDARD_LIBRARIES = YES;
				CODE_SIGN_STYLE = Automatic;
				INFOPLIST_FILE = MemeMeUITests/Info.plist;
				LD_RUNPATH_SEARCH_PATHS = "$(inherited) @executable_path/Frameworks @loader_path/Frameworks";
				PRODUCT_BUNDLE_IDENTIFIER = andremartingo.MemeMeUITests;
				PRODUCT_NAME = "$(TARGET_NAME)";
				SWIFT_VERSION = 4.0;
				TARGETED_DEVICE_FAMILY = "1,2";
				TEST_TARGET_NAME = MemeMe;
			};
			name = Debug;
		};
		302889D320760A43001E89B1 /* Release */ = {
			isa = XCBuildConfiguration;
			buildSettings = {
				ALWAYS_EMBED_SWIFT_STANDARD_LIBRARIES = YES;
				CODE_SIGN_STYLE = Automatic;
				INFOPLIST_FILE = MemeMeUITests/Info.plist;
				LD_RUNPATH_SEARCH_PATHS = "$(inherited) @executable_path/Frameworks @loader_path/Frameworks";
				PRODUCT_BUNDLE_IDENTIFIER = andremartingo.MemeMeUITests;
				PRODUCT_NAME = "$(TARGET_NAME)";
				SWIFT_VERSION = 4.0;
				TARGETED_DEVICE_FAMILY = "1,2";
				TEST_TARGET_NAME = MemeMe;
			};
			name = Release;
		};
/* End XCBuildConfiguration section */

/* Begin XCConfigurationList section */
		3028899E20760A43001E89B1 /* Build configuration list for PBXProject "MemeMe" */ = {
			isa = XCConfigurationList;
			buildConfigurations = (
				302889C920760A43001E89B1 /* Debug */,
				302889CA20760A43001E89B1 /* Release */,
			);
			defaultConfigurationIsVisible = 0;
			defaultConfigurationName = Release;
		};
		302889CB20760A43001E89B1 /* Build configuration list for PBXNativeTarget "MemeMe" */ = {
			isa = XCConfigurationList;
			buildConfigurations = (
				302889CC20760A43001E89B1 /* Debug */,
				302889CD20760A43001E89B1 /* Release */,
			);
			defaultConfigurationIsVisible = 0;
			defaultConfigurationName = Release;
		};
		302889CE20760A43001E89B1 /* Build configuration list for PBXNativeTarget "MemeMeTests" */ = {
			isa = XCConfigurationList;
			buildConfigurations = (
				302889CF20760A43001E89B1 /* Debug */,
				302889D020760A43001E89B1 /* Release */,
			);
			defaultConfigurationIsVisible = 0;
			defaultConfigurationName = Release;
		};
		302889D120760A43001E89B1 /* Build configuration list for PBXNativeTarget "MemeMeUITests" */ = {
			isa = XCConfigurationList;
			buildConfigurations = (
				302889D220760A43001E89B1 /* Debug */,
				302889D320760A43001E89B1 /* Release */,
			);
			defaultConfigurationIsVisible = 0;
			defaultConfigurationName = Release;
		};
/* End XCConfigurationList section */
	};
	rootObject = 3028899B20760A43001E89B1 /* Project object */;
}
